// !$*UTF8*$!
{
	archiveVersion = 1;
	classes = {
	};
	objectVersion = 56;
	objects = {

/* Begin PBXBuildFile section */
		ED10B60129251DCB00CE4B1D /* Apple_StoreApp.swift in Sources */ = {isa = PBXBuildFile; fileRef = ED10B60029251DCB00CE4B1D /* Apple_StoreApp.swift */; };
		ED10B60329251DCB00CE4B1D /* StoreView.swift in Sources */ = {isa = PBXBuildFile; fileRef = ED10B60229251DCB00CE4B1D /* StoreView.swift */; };
		ED10B60529251DCC00CE4B1D /* Assets.xcassets in Resources */ = {isa = PBXBuildFile; fileRef = ED10B60429251DCC00CE4B1D /* Assets.xcassets */; };
		ED10B60829251DCC00CE4B1D /* Preview Assets.xcassets in Resources */ = {isa = PBXBuildFile; fileRef = ED10B60729251DCC00CE4B1D /* Preview Assets.xcassets */; };
		ED10B60F29251F2B00CE4B1D /* Tabs.swift in Sources */ = {isa = PBXBuildFile; fileRef = ED10B60E29251F2B00CE4B1D /* Tabs.swift */; };
		ED10B611292527F000CE4B1D /* Calendario.swift in Sources */ = {isa = PBXBuildFile; fileRef = ED10B610292527F000CE4B1D /* Calendario.swift */; };
		ED10B6132925281F00CE4B1D /* Per te.swift in Sources */ = {isa = PBXBuildFile; fileRef = ED10B6122925281F00CE4B1D /* Per te.swift */; };
		ED10B615292528CD00CE4B1D /* Ricerca.swift in Sources */ = {isa = PBXBuildFile; fileRef = ED10B614292528CD00CE4B1D /* Ricerca.swift */; };
		ED10B6172925292700CE4B1D /* ShoppingBag.swift in Sources */ = {isa = PBXBuildFile; fileRef = ED10B6162925292700CE4B1D /* ShoppingBag.swift */; };
		ED10B61B29269CF600CE4B1D /* Tabiniziale.swift in Sources */ = {isa = PBXBuildFile; fileRef = ED10B61A29269CF600CE4B1D /* Tabiniziale.swift */; };
		ED10B61D29269D9200CE4B1D /* iPhone14.swift in Sources */ = {isa = PBXBuildFile; fileRef = ED10B61C29269D9200CE4B1D /* iPhone14.swift */; };
		ED10B61F29269DFA00CE4B1D /* iPad.swift in Sources */ = {isa = PBXBuildFile; fileRef = ED10B61E29269DFA00CE4B1D /* iPad.swift */; };
		ED10B6212928CFE300CE4B1D /* TabPrimoPiano.swift in Sources */ = {isa = PBXBuildFile; fileRef = ED10B6202928CFE300CE4B1D /* TabPrimoPiano.swift */; };
		ED10B6242928DB3900CE4B1D /* iPhonemodale.swift in Sources */ = {isa = PBXBuildFile; fileRef = ED10B6232928DB3900CE4B1D /* iPhonemodale.swift */; };
		ED10B626292A333800CE4B1D /* iPadmodale.swift in Sources */ = {isa = PBXBuildFile; fileRef = ED10B625292A333800CE4B1D /* iPadmodale.swift */; };
		ED901B0C292BBD71001A286F /* accountmodale.swift in Sources */ = {isa = PBXBuildFile; fileRef = ED901B0B292BBD71001A286F /* accountmodale.swift */; };
		ED901B10292BCEC0001A286F /* Modaleaccount.swift in Sources */ = {isa = PBXBuildFile; fileRef = ED901B0F292BCEC0001A286F /* Modaleaccount.swift */; };
		ED901B13292D120D001A286F /* TextCalendario.swift in Sources */ = {isa = PBXBuildFile; fileRef = ED901B12292D120D001A286F /* TextCalendario.swift */; };
		ED901B15292D126F001A286F /* BottoneCalendario.swift in Sources */ = {isa = PBXBuildFile; fileRef = ED901B14292D126F001A286F /* BottoneCalendario.swift */; };
		ED901B17292E18E9001A286F /* ScrollCalendarii.swift in Sources */ = {isa = PBXBuildFile; fileRef = ED901B16292E18E9001A286F /* ScrollCalendarii.swift */; };
		EDA504CE292E76E1004E2AFA /* ListaRicerca2.swift in Sources */ = {isa = PBXBuildFile; fileRef = EDA504CD292E76E1004E2AFA /* ListaRicerca2.swift */; };
		EDA504D0292E7972004E2AFA /* Carta Regalo.swift in Sources */ = {isa = PBXBuildFile; fileRef = EDA504CF292E7972004E2AFA /* Carta Regalo.swift */; };
/* End PBXBuildFile section */

/* Begin PBXFileReference section */
		ED10B5FD29251DCB00CE4B1D /* Apple Store.app */ = {isa = PBXFileReference; explicitFileType = wrapper.application; includeInIndex = 0; path = "Apple Store.app"; sourceTree = BUILT_PRODUCTS_DIR; };
		ED10B60029251DCB00CE4B1D /* Apple_StoreApp.swift */ = {isa = PBXFileReference; lastKnownFileType = sourcecode.swift; path = Apple_StoreApp.swift; sourceTree = "<group>"; };
		ED10B60229251DCB00CE4B1D /* StoreView.swift */ = {isa = PBXFileReference; lastKnownFileType = sourcecode.swift; path = StoreView.swift; sourceTree = "<group>"; };
		ED10B60429251DCC00CE4B1D /* Assets.xcassets */ = {isa = PBXFileReference; lastKnownFileType = folder.assetcatalog; path = Assets.xcassets; sourceTree = "<group>"; };
		ED10B60729251DCC00CE4B1D /* Preview Assets.xcassets */ = {isa = PBXFileReference; lastKnownFileType = folder.assetcatalog; path = "Preview Assets.xcassets"; sourceTree = "<group>"; };
		ED10B60E29251F2B00CE4B1D /* Tabs.swift */ = {isa = PBXFileReference; lastKnownFileType = sourcecode.swift; path = Tabs.swift; sourceTree = "<group>"; };
		ED10B610292527F000CE4B1D /* Calendario.swift */ = {isa = PBXFileReference; lastKnownFileType = sourcecode.swift; path = Calendario.swift; sourceTree = "<group>"; };
		ED10B6122925281F00CE4B1D /* Per te.swift */ = {isa = PBXFileReference; lastKnownFileType = sourcecode.swift; path = "Per te.swift"; sourceTree = "<group>"; };
		ED10B614292528CD00CE4B1D /* Ricerca.swift */ = {isa = PBXFileReference; lastKnownFileType = sourcecode.swift; path = Ricerca.swift; sourceTree = "<group>"; };
		ED10B6162925292700CE4B1D /* ShoppingBag.swift */ = {isa = PBXFileReference; lastKnownFileType = sourcecode.swift; path = ShoppingBag.swift; sourceTree = "<group>"; };
		ED10B61A29269CF600CE4B1D /* Tabiniziale.swift */ = {isa = PBXFileReference; lastKnownFileType = sourcecode.swift; path = Tabiniziale.swift; sourceTree = "<group>"; };
		ED10B61C29269D9200CE4B1D /* iPhone14.swift */ = {isa = PBXFileReference; lastKnownFileType = sourcecode.swift; path = iPhone14.swift; sourceTree = "<group>"; };
		ED10B61E29269DFA00CE4B1D /* iPad.swift */ = {isa = PBXFileReference; lastKnownFileType = sourcecode.swift; path = iPad.swift; sourceTree = "<group>"; };
		ED10B6202928CFE300CE4B1D /* TabPrimoPiano.swift */ = {isa = PBXFileReference; lastKnownFileType = sourcecode.swift; path = TabPrimoPiano.swift; sourceTree = "<group>"; };
		ED10B6232928DB3900CE4B1D /* iPhonemodale.swift */ = {isa = PBXFileReference; lastKnownFileType = sourcecode.swift; path = iPhonemodale.swift; sourceTree = "<group>"; };
		ED10B625292A333800CE4B1D /* iPadmodale.swift */ = {isa = PBXFileReference; lastKnownFileType = sourcecode.swift; path = iPadmodale.swift; sourceTree = "<group>"; };
		ED901B0B292BBD71001A286F /* accountmodale.swift */ = {isa = PBXFileReference; lastKnownFileType = sourcecode.swift; path = accountmodale.swift; sourceTree = "<group>"; };
		ED901B0F292BCEC0001A286F /* Modaleaccount.swift */ = {isa = PBXFileReference; lastKnownFileType = sourcecode.swift; path = Modaleaccount.swift; sourceTree = "<group>"; };
		ED901B12292D120D001A286F /* TextCalendario.swift */ = {isa = PBXFileReference; lastKnownFileType = sourcecode.swift; path = TextCalendario.swift; sourceTree = "<group>"; };
		ED901B14292D126F001A286F /* BottoneCalendario.swift */ = {isa = PBXFileReference; lastKnownFileType = sourcecode.swift; path = BottoneCalendario.swift; sourceTree = "<group>"; };
		ED901B16292E18E9001A286F /* ScrollCalendarii.swift */ = {isa = PBXFileReference; lastKnownFileType = sourcecode.swift; path = ScrollCalendarii.swift; sourceTree = "<group>"; };
		EDA504CD292E76E1004E2AFA /* ListaRicerca2.swift */ = {isa = PBXFileReference; lastKnownFileType = sourcecode.swift; path = ListaRicerca2.swift; sourceTree = "<group>"; };
		EDA504CF292E7972004E2AFA /* Carta Regalo.swift */ = {isa = PBXFileReference; lastKnownFileType = sourcecode.swift; path = "Carta Regalo.swift"; sourceTree = "<group>"; };
/* End PBXFileReference section */

/* Begin PBXFrameworksBuildPhase section */
		ED10B5FA29251DCB00CE4B1D /* Frameworks */ = {
			isa = PBXFrameworksBuildPhase;
			buildActionMask = 2147483647;
			files = (
			);
			runOnlyForDeploymentPostprocessing = 0;
		};
/* End PBXFrameworksBuildPhase section */

/* Begin PBXGroup section */
		ED10B5F429251DCB00CE4B1D = {
			isa = PBXGroup;
			children = (
				ED10B5FF29251DCB00CE4B1D /* Apple Store */,
				ED10B5FE29251DCB00CE4B1D /* Products */,
			);
			sourceTree = "<group>";
		};
		ED10B5FE29251DCB00CE4B1D /* Products */ = {
			isa = PBXGroup;
			children = (
				ED10B5FD29251DCB00CE4B1D /* Apple Store.app */,
			);
			name = Products;
			sourceTree = "<group>";
		};
		ED10B5FF29251DCB00CE4B1D /* Apple Store */ = {
			isa = PBXGroup;
			children = (
				ED10B60029251DCB00CE4B1D /* Apple_StoreApp.swift */,
				ED10B60E29251F2B00CE4B1D /* Tabs.swift */,
				ED10B6182925293700CE4B1D /* Pagine della tab */,
				ED901B1A292E20BE001A286F /* Ricerca */,
				ED10B60429251DCC00CE4B1D /* Assets.xcassets */,
				ED10B60629251DCC00CE4B1D /* Preview Content */,
			);
			path = "Apple Store";
			sourceTree = "<group>";
		};
		ED10B60629251DCC00CE4B1D /* Preview Content */ = {
			isa = PBXGroup;
			children = (
				ED10B60729251DCC00CE4B1D /* Preview Assets.xcassets */,
			);
			path = "Preview Content";
			sourceTree = "<group>";
		};
		ED10B6182925293700CE4B1D /* Pagine della tab */ = {
			isa = PBXGroup;
			children = (
				ED10B60229251DCB00CE4B1D /* StoreView.swift */,
				ED10B610292527F000CE4B1D /* Calendario.swift */,
				ED10B6122925281F00CE4B1D /* Per te.swift */,
				ED10B614292528CD00CE4B1D /* Ricerca.swift */,
				ED10B6162925292700CE4B1D /* ShoppingBag.swift */,
				ED10B61929269C7900CE4B1D /* Pagine dello store */,
				ED901B11292D11E8001A286F /* Elementi calendario */,
				ED901B0A292BBCD9001A286F /* Modali */,
			);
			path = "Pagine della tab";
			sourceTree = "<group>";
		};
		ED10B61929269C7900CE4B1D /* Pagine dello store */ = {
			isa = PBXGroup;
			children = (
				ED901B0F292BCEC0001A286F /* Modaleaccount.swift */,
				ED10B61A29269CF600CE4B1D /* Tabiniziale.swift */,
				ED10B61C29269D9200CE4B1D /* iPhone14.swift */,
				ED10B61E29269DFA00CE4B1D /* iPad.swift */,
				ED10B6202928CFE300CE4B1D /* TabPrimoPiano.swift */,
			);
			path = "Pagine dello store";
			sourceTree = "<group>";
		};
		ED901B0A292BBCD9001A286F /* Modali */ = {
			isa = PBXGroup;
			children = (
				ED901B0B292BBD71001A286F /* accountmodale.swift */,
				ED10B625292A333800CE4B1D /* iPadmodale.swift */,
				ED10B6232928DB3900CE4B1D /* iPhonemodale.swift */,
			);
			path = Modali;
			sourceTree = "<group>";
		};
		ED901B11292D11E8001A286F /* Elementi calendario */ = {
			isa = PBXGroup;
			children = (
				ED901B12292D120D001A286F /* TextCalendario.swift */,
				ED901B14292D126F001A286F /* BottoneCalendario.swift */,
				ED901B16292E18E9001A286F /* ScrollCalendarii.swift */,
			);
			path = "Elementi calendario";
			sourceTree = "<group>";
		};
		ED901B1A292E20BE001A286F /* Ricerca */ = {
			isa = PBXGroup;
			children = (
				EDA504CD292E76E1004E2AFA /* ListaRicerca2.swift */,
				EDA504CF292E7972004E2AFA /* Carta Regalo.swift */,
			);
			path = Ricerca;
			sourceTree = "<group>";
		};
/* End PBXGroup section */

/* Begin PBXNativeTarget section */
		ED10B5FC29251DCB00CE4B1D /* Apple Store */ = {
			isa = PBXNativeTarget;
			buildConfigurationList = ED10B60B29251DCC00CE4B1D /* Build configuration list for PBXNativeTarget "Apple Store" */;
			buildPhases = (
				ED10B5F929251DCB00CE4B1D /* Sources */,
				ED10B5FA29251DCB00CE4B1D /* Frameworks */,
				ED10B5FB29251DCB00CE4B1D /* Resources */,
			);
			buildRules = (
			);
			dependencies = (
			);
			name = "Apple Store";
			productName = "Apple Store";
			productReference = ED10B5FD29251DCB00CE4B1D /* Apple Store.app */;
			productType = "com.apple.product-type.application";
		};
/* End PBXNativeTarget section */

/* Begin PBXProject section */
		ED10B5F529251DCB00CE4B1D /* Project object */ = {
			isa = PBXProject;
			attributes = {
				BuildIndependentTargetsInParallel = 1;
				LastSwiftUpdateCheck = 1410;
				LastUpgradeCheck = 1410;
				TargetAttributes = {
					ED10B5FC29251DCB00CE4B1D = {
						CreatedOnToolsVersion = 14.1;
					};
				};
			};
			buildConfigurationList = ED10B5F829251DCB00CE4B1D /* Build configuration list for PBXProject "Apple Store" */;
			compatibilityVersion = "Xcode 14.0";
			developmentRegion = en;
			hasScannedForEncodings = 0;
			knownRegions = (
				en,
				Base,
			);
			mainGroup = ED10B5F429251DCB00CE4B1D;
			productRefGroup = ED10B5FE29251DCB00CE4B1D /* Products */;
			projectDirPath = "";
			projectRoot = "";
			targets = (
				ED10B5FC29251DCB00CE4B1D /* Apple Store */,
			);
		};
/* End PBXProject section */

/* Begin PBXResourcesBuildPhase section */
		ED10B5FB29251DCB00CE4B1D /* Resources */ = {
			isa = PBXResourcesBuildPhase;
			buildActionMask = 2147483647;
			files = (
				ED10B60829251DCC00CE4B1D /* Preview Assets.xcassets in Resources */,
				ED10B60529251DCC00CE4B1D /* Assets.xcassets in Resources */,
			);
			runOnlyForDeploymentPostprocessing = 0;
		};
/* End PBXResourcesBuildPhase section */

/* Begin PBXSourcesBuildPhase section */
		ED10B5F929251DCB00CE4B1D /* Sources */ = {
			isa = PBXSourcesBuildPhase;
			buildActionMask = 2147483647;
			files = (
				ED10B626292A333800CE4B1D /* iPadmodale.swift in Sources */,
				ED10B61B29269CF600CE4B1D /* Tabiniziale.swift in Sources */,
				ED10B6212928CFE300CE4B1D /* TabPrimoPiano.swift in Sources */,
				ED10B6242928DB3900CE4B1D /* iPhonemodale.swift in Sources */,
				ED10B61F29269DFA00CE4B1D /* iPad.swift in Sources */,
				ED901B10292BCEC0001A286F /* Modaleaccount.swift in Sources */,
				ED901B17292E18E9001A286F /* ScrollCalendarii.swift in Sources */,
				ED901B13292D120D001A286F /* TextCalendario.swift in Sources */,
				ED10B60329251DCB00CE4B1D /* StoreView.swift in Sources */,
				ED10B611292527F000CE4B1D /* Calendario.swift in Sources */,
				ED10B60129251DCB00CE4B1D /* Apple_StoreApp.swift in Sources */,
				ED10B615292528CD00CE4B1D /* Ricerca.swift in Sources */,
				ED901B0C292BBD71001A286F /* accountmodale.swift in Sources */,
				ED10B6132925281F00CE4B1D /* Per te.swift in Sources */,
				ED10B60F29251F2B00CE4B1D /* Tabs.swift in Sources */,
				ED901B15292D126F001A286F /* BottoneCalendario.swift in Sources */,
				ED10B61D29269D9200CE4B1D /* iPhone14.swift in Sources */,
				EDA504CE292E76E1004E2AFA /* ListaRicerca2.swift in Sources */,
				EDA504D0292E7972004E2AFA /* Carta Regalo.swift in Sources */,
				ED10B6172925292700CE4B1D /* ShoppingBag.swift in Sources */,
			);
			runOnlyForDeploymentPostprocessing = 0;
		};
/* End PBXSourcesBuildPhase section */

/* Begin XCBuildConfiguration section */
		ED10B60929251DCC00CE4B1D /* Debug */ = {
			isa = XCBuildConfiguration;
			buildSettings = {
				ALWAYS_SEARCH_USER_PATHS = NO;
				CLANG_ANALYZER_NONNULL = YES;
				CLANG_ANALYZER_NUMBER_OBJECT_CONVERSION = YES_AGGRESSIVE;
				CLANG_CXX_LANGUAGE_STANDARD = "gnu++20";
				CLANG_ENABLE_MODULES = YES;
				CLANG_ENABLE_OBJC_ARC = YES;
				CLANG_ENABLE_OBJC_WEAK = YES;
				CLANG_WARN_BLOCK_CAPTURE_AUTORELEASING = YES;
				CLANG_WARN_BOOL_CONVERSION = YES;
				CLANG_WARN_COMMA = YES;
				CLANG_WARN_CONSTANT_CONVERSION = YES;
				CLANG_WARN_DEPRECATED_OBJC_IMPLEMENTATIONS = YES;
				CLANG_WARN_DIRECT_OBJC_ISA_USAGE = YES_ERROR;
				CLANG_WARN_DOCUMENTATION_COMMENTS = YES;
				CLANG_WARN_EMPTY_BODY = YES;
				CLANG_WARN_ENUM_CONVERSION = YES;
				CLANG_WARN_INFINITE_RECURSION = YES;
				CLANG_WARN_INT_CONVERSION = YES;
				CLANG_WARN_NON_LITERAL_NULL_CONVERSION = YES;
				CLANG_WARN_OBJC_IMPLICIT_RETAIN_SELF = YES;
				CLANG_WARN_OBJC_LITERAL_CONVERSION = YES;
				CLANG_WARN_OBJC_ROOT_CLASS = YES_ERROR;
				CLANG_WARN_QUOTED_INCLUDE_IN_FRAMEWORK_HEADER = YES;
				CLANG_WARN_RANGE_LOOP_ANALYSIS = YES;
				CLANG_WARN_STRICT_PROTOTYPES = YES;
				CLANG_WARN_SUSPICIOUS_MOVE = YES;
				CLANG_WARN_UNGUARDED_AVAILABILITY = YES_AGGRESSIVE;
				CLANG_WARN_UNREACHABLE_CODE = YES;
				CLANG_WARN__DUPLICATE_METHOD_MATCH = YES;
				COPY_PHASE_STRIP = NO;
				DEBUG_INFORMATION_FORMAT = dwarf;
				ENABLE_STRICT_OBJC_MSGSEND = YES;
				ENABLE_TESTABILITY = YES;
				GCC_C_LANGUAGE_STANDARD = gnu11;
				GCC_DYNAMIC_NO_PIC = NO;
				GCC_NO_COMMON_BLOCKS = YES;
				GCC_OPTIMIZATION_LEVEL = 0;
				GCC_PREPROCESSOR_DEFINITIONS = (
					"DEBUG=1",
					"$(inherited)",
				);
				GCC_WARN_64_TO_32_BIT_CONVERSION = YES;
				GCC_WARN_ABOUT_RETURN_TYPE = YES_ERROR;
				GCC_WARN_UNDECLARED_SELECTOR = YES;
				GCC_WARN_UNINITIALIZED_AUTOS = YES_AGGRESSIVE;
				GCC_WARN_UNUSED_FUNCTION = YES;
				GCC_WARN_UNUSED_VARIABLE = YES;
				IPHONEOS_DEPLOYMENT_TARGET = 16.1;
				MTL_ENABLE_DEBUG_INFO = INCLUDE_SOURCE;
				MTL_FAST_MATH = YES;
				ONLY_ACTIVE_ARCH = YES;
				SDKROOT = iphoneos;
				SWIFT_ACTIVE_COMPILATION_CONDITIONS = DEBUG;
				SWIFT_OPTIMIZATION_LEVEL = "-Onone";
			};
			name = Debug;
		};
		ED10B60A29251DCC00CE4B1D /* Release */ = {
			isa = XCBuildConfiguration;
			buildSettings = {
				ALWAYS_SEARCH_USER_PATHS = NO;
				CLANG_ANALYZER_NONNULL = YES;
				CLANG_ANALYZER_NUMBER_OBJECT_CONVERSION = YES_AGGRESSIVE;
				CLANG_CXX_LANGUAGE_STANDARD = "gnu++20";
				CLANG_ENABLE_MODULES = YES;
				CLANG_ENABLE_OBJC_ARC = YES;
				CLANG_ENABLE_OBJC_WEAK = YES;
				CLANG_WARN_BLOCK_CAPTURE_AUTORELEASING = YES;
				CLANG_WARN_BOOL_CONVERSION = YES;
				CLANG_WARN_COMMA = YES;
				CLANG_WARN_CONSTANT_CONVERSION = YES;
				CLANG_WARN_DEPRECATED_OBJC_IMPLEMENTATIONS = YES;
				CLANG_WARN_DIRECT_OBJC_ISA_USAGE = YES_ERROR;
				CLANG_WARN_DOCUMENTATION_COMMENTS = YES;
				CLANG_WARN_EMPTY_BODY = YES;
				CLANG_WARN_ENUM_CONVERSION = YES;
				CLANG_WARN_INFINITE_RECURSION = YES;
				CLANG_WARN_INT_CONVERSION = YES;
				CLANG_WARN_NON_LITERAL_NULL_CONVERSION = YES;
				CLANG_WARN_OBJC_IMPLICIT_RETAIN_SELF = YES;
				CLANG_WARN_OBJC_LITERAL_CONVERSION = YES;
				CLANG_WARN_OBJC_ROOT_CLASS = YES_ERROR;
				CLANG_WARN_QUOTED_INCLUDE_IN_FRAMEWORK_HEADER = YES;
				CLANG_WARN_RANGE_LOOP_ANALYSIS = YES;
				CLANG_WARN_STRICT_PROTOTYPES = YES;
				CLANG_WARN_SUSPICIOUS_MOVE = YES;
				CLANG_WARN_UNGUARDED_AVAILABILITY = YES_AGGRESSIVE;
				CLANG_WARN_UNREACHABLE_CODE = YES;
				CLANG_WARN__DUPLICATE_METHOD_MATCH = YES;
				COPY_PHASE_STRIP = NO;
				DEBUG_INFORMATION_FORMAT = "dwarf-with-dsym";
				ENABLE_NS_ASSERTIONS = NO;
				ENABLE_STRICT_OBJC_MSGSEND = YES;
				GCC_C_LANGUAGE_STANDARD = gnu11;
				GCC_NO_COMMON_BLOCKS = YES;
				GCC_WARN_64_TO_32_BIT_CONVERSION = YES;
				GCC_WARN_ABOUT_RETURN_TYPE = YES_ERROR;
				GCC_WARN_UNDECLARED_SELECTOR = YES;
				GCC_WARN_UNINITIALIZED_AUTOS = YES_AGGRESSIVE;
				GCC_WARN_UNUSED_FUNCTION = YES;
				GCC_WARN_UNUSED_VARIABLE = YES;
				IPHONEOS_DEPLOYMENT_TARGET = 16.1;
				MTL_ENABLE_DEBUG_INFO = NO;
				MTL_FAST_MATH = YES;
				SDKROOT = iphoneos;
				SWIFT_COMPILATION_MODE = wholemodule;
				SWIFT_OPTIMIZATION_LEVEL = "-O";
				VALIDATE_PRODUCT = YES;
			};
			name = Release;
		};
		ED10B60C29251DCC00CE4B1D /* Debug */ = {
			isa = XCBuildConfiguration;
			buildSettings = {
				ASSETCATALOG_COMPILER_APPICON_NAME = AppIcon;
				ASSETCATALOG_COMPILER_GLOBAL_ACCENT_COLOR_NAME = AccentColor;
				CODE_SIGN_STYLE = Automatic;
				CURRENT_PROJECT_VERSION = 1;
				DEVELOPMENT_ASSET_PATHS = "\"Apple Store/Preview Content\"";
				DEVELOPMENT_TEAM = SATR9T72MD;
				ENABLE_PREVIEWS = YES;
				GENERATE_INFOPLIST_FILE = YES;
				INFOPLIST_KEY_CFBundleDisplayName = "Apple Store";
				INFOPLIST_KEY_UIApplicationSceneManifest_Generation = YES;
				INFOPLIST_KEY_UIApplicationSupportsIndirectInputEvents = YES;
				INFOPLIST_KEY_UILaunchScreen_Generation = YES;
				INFOPLIST_KEY_UISupportedInterfaceOrientations_iPad = "UIInterfaceOrientationPortrait UIInterfaceOrientationPortraitUpsideDown UIInterfaceOrientationLandscapeLeft UIInterfaceOrientationLandscapeRight";
				INFOPLIST_KEY_UISupportedInterfaceOrientations_iPhone = "UIInterfaceOrientationPortrait UIInterfaceOrientationLandscapeLeft UIInterfaceOrientationLandscapeRight";
				LD_RUNPATH_SEARCH_PATHS = (
					"$(inherited)",
					"@executable_path/Frameworks",
				);
				MARKETING_VERSION = 1.0;
				PRODUCT_BUNDLE_IDENTIFIER = "Io.Apple-Store";
				PRODUCT_NAME = "$(TARGET_NAME)";
				SWIFT_EMIT_LOC_STRINGS = YES;
				SWIFT_VERSION = 5.0;
				TARGETED_DEVICE_FAMILY = "1,2";
			};
			name = Debug;
		};
		ED10B60D29251DCC00CE4B1D /* Release */ = {
			isa = XCBuildConfiguration;
			buildSettings = {
				ASSETCATALOG_COMPILER_APPICON_NAME = AppIcon;
				ASSETCATALOG_COMPILER_GLOBAL_ACCENT_COLOR_NAME = AccentColor;
				CODE_SIGN_STYLE = Automatic;
				CURRENT_PROJECT_VERSION = 1;
				DEVELOPMENT_ASSET_PATHS = "\"Apple Store/Preview Content\"";
				DEVELOPMENT_TEAM = SATR9T72MD;
				ENABLE_PREVIEWS = YES;
				GENERATE_INFOPLIST_FILE = YES;
				INFOPLIST_KEY_CFBundleDisplayName = "Apple Store";
				INFOPLIST_KEY_UIApplicationSceneManifest_Generation = YES;
				INFOPLIST_KEY_UIApplicationSupportsIndirectInputEvents = YES;
				INFOPLIST_KEY_UILaunchScreen_Generation = YES;
				INFOPLIST_KEY_UISupportedInterfaceOrientations_iPad = "UIInterfaceOrientationPortrait UIInterfaceOrientationPortraitUpsideDown UIInterfaceOrientationLandscapeLeft UIInterfaceOrientationLandscapeRight";
				INFOPLIST_KEY_UISupportedInterfaceOrientations_iPhone = "UIInterfaceOrientationPortrait UIInterfaceOrientationLandscapeLeft UIInterfaceOrientationLandscapeRight";
				LD_RUNPATH_SEARCH_PATHS = (
					"$(inherited)",
					"@executable_path/Frameworks",
				);
				MARKETING_VERSION = 1.0;
				PRODUCT_BUNDLE_IDENTIFIER = "Io.Apple-Store";
				PRODUCT_NAME = "$(TARGET_NAME)";
				SWIFT_EMIT_LOC_STRINGS = YES;
				SWIFT_VERSION = 5.0;
				TARGETED_DEVICE_FAMILY = "1,2";
			};
			name = Release;
		};
/* End XCBuildConfiguration section */

/* Begin XCConfigurationList section */
		ED10B5F829251DCB00CE4B1D /* Build configuration list for PBXProject "Apple Store" */ = {
			isa = XCConfigurationList;
			buildConfigurations = (
				ED10B60929251DCC00CE4B1D /* Debug */,
				ED10B60A29251DCC00CE4B1D /* Release */,
			);
			defaultConfigurationIsVisible = 0;
			defaultConfigurationName = Release;
		};
		ED10B60B29251DCC00CE4B1D /* Build configuration list for PBXNativeTarget "Apple Store" */ = {
			isa = XCConfigurationList;
			buildConfigurations = (
				ED10B60C29251DCC00CE4B1D /* Debug */,
				ED10B60D29251DCC00CE4B1D /* Release */,
			);
			defaultConfigurationIsVisible = 0;
			defaultConfigurationName = Release;
		};
/* End XCConfigurationList section */
	};
	rootObject = ED10B5F529251DCB00CE4B1D /* Project object */;
}
